
Microsoft Visual Studio Solution File, Format Version 12.00
# Visual Studio Version 16
VisualStudioVersion = 16.0.31005.135
MinimumVisualStudioVersion = 10.0.40219.1
Project("{FAE04EC0-301F-11D3-BF4B-00C04F79EFBC}") = "Invoice", "Invoice.csproj", "{81374EA2-F155-4821-854F-9667D6409049}"
EndProject
Global
	GlobalSection(SolutionConfigurationPlatforms) = preSolution
		Debug|Any CPU = Debug|Any CPU
		Release|Any CPU = Release|Any CPU
	EndGlobalSection
	GlobalSection(ProjectConfigurationPlatforms) = postSolution
		{81374EA2-F155-4821-854F-9667D6409049}.Debug|Any CPU.ActiveCfg = Debug|Any CPU
		{81374EA2-F155-4821-854F-9667D6409049}.Debug|Any CPU.Build.0 = Debug|Any CPU
		{81374EA2-F155-4821-854F-9667D6409049}.Release|Any CPU.ActiveCfg = Release|Any CPU
		{81374EA2-F155-4821-854F-9667D6409049}.Release|Any CPU.Build.0 = Release|Any CPU
	EndGlobalSection
	GlobalSection(SolutionProperties) = preSolution
		HideSolutionNode = FALSE
	EndGlobalSection
	GlobalSection(ExtensibilityGlobals) = postSolution
		SolutionGuid = {09D6C38C-FAC4-4AAA-97F3-CE243FFA2529}
	EndGlobalSection
EndGlobal
